
Microsoft Visual Studio Solution File, Format Version 12.00
# Visual Studio Version 16
VisualStudioVersion = 16.0.30204.135
MinimumVisualStudioVersion = 10.0.40219.1
Project("{FAE04EC0-301F-11D3-BF4B-00C04F79EFBC}") = "DiscussionWeb", "DiscussionWeb\DiscussionWeb.csproj", "{7355C483-2313-4AC0-BBB0-75CC428BCA60}"
EndProject
Project("{FAE04EC0-301F-11D3-BF4B-00C04F79EFBC}") = "DiscussionWeb.Data", "DiscussionWeb.Data\DiscussionWeb.Data.csproj", "{6CA1193E-D375-4E5D-83A4-D9CF1F594470}"
EndProject
Project("{FAE04EC0-301F-11D3-BF4B-00C04F79EFBC}") = "DiscussionWeb.Host", "DiscussionWeb.Host\DiscussionWeb.Host.csproj", "{9F1D301D-7824-4686-A891-6D95C88689A7}"
EndProject
Project("{FAE04EC0-301F-11D3-BF4B-00C04F79EFBC}") = "DiscussionWeb.API", "DiscussionWeb.API\DiscussionWeb.API.csproj", "{26802DCC-4D2B-42E0-AF29-6F3EC20B5115}"
EndProject
Project("{FAE04EC0-301F-11D3-BF4B-00C04F79EFBC}") = "DiscussionWeb.Tests", "DiscussionWeb.Tests\DiscussionWeb.Tests.csproj", "{66C720C2-F1D8-41F5-9EEB-542160F91F6B}"
EndProject
Global
	GlobalSection(SolutionConfigurationPlatforms) = preSolution
		Debug|Any CPU = Debug|Any CPU
		Release|Any CPU = Release|Any CPU
	EndGlobalSection
	GlobalSection(ProjectConfigurationPlatforms) = postSolution
		{7355C483-2313-4AC0-BBB0-75CC428BCA60}.Debug|Any CPU.ActiveCfg = Debug|Any CPU
		{7355C483-2313-4AC0-BBB0-75CC428BCA60}.Debug|Any CPU.Build.0 = Debug|Any CPU
		{7355C483-2313-4AC0-BBB0-75CC428BCA60}.Release|Any CPU.ActiveCfg = Release|Any CPU
		{7355C483-2313-4AC0-BBB0-75CC428BCA60}.Release|Any CPU.Build.0 = Release|Any CPU
		{6CA1193E-D375-4E5D-83A4-D9CF1F594470}.Debug|Any CPU.ActiveCfg = Debug|Any CPU
		{6CA1193E-D375-4E5D-83A4-D9CF1F594470}.Debug|Any CPU.Build.0 = Debug|Any CPU
		{6CA1193E-D375-4E5D-83A4-D9CF1F594470}.Release|Any CPU.ActiveCfg = Release|Any CPU
		{6CA1193E-D375-4E5D-83A4-D9CF1F594470}.Release|Any CPU.Build.0 = Release|Any CPU
		{9F1D301D-7824-4686-A891-6D95C88689A7}.Debug|Any CPU.ActiveCfg = Debug|Any CPU
		{9F1D301D-7824-4686-A891-6D95C88689A7}.Debug|Any CPU.Build.0 = Debug|Any CPU
		{9F1D301D-7824-4686-A891-6D95C88689A7}.Release|Any CPU.ActiveCfg = Release|Any CPU
		{9F1D301D-7824-4686-A891-6D95C88689A7}.Release|Any CPU.Build.0 = Release|Any CPU
		{26802DCC-4D2B-42E0-AF29-6F3EC20B5115}.Debug|Any CPU.ActiveCfg = Debug|Any CPU
		{26802DCC-4D2B-42E0-AF29-6F3EC20B5115}.Debug|Any CPU.Build.0 = Debug|Any CPU
		{26802DCC-4D2B-42E0-AF29-6F3EC20B5115}.Release|Any CPU.ActiveCfg = Release|Any CPU
		{26802DCC-4D2B-42E0-AF29-6F3EC20B5115}.Release|Any CPU.Build.0 = Release|Any CPU
		{66C720C2-F1D8-41F5-9EEB-542160F91F6B}.Debug|Any CPU.ActiveCfg = Debug|Any CPU
		{66C720C2-F1D8-41F5-9EEB-542160F91F6B}.Debug|Any CPU.Build.0 = Debug|Any CPU
		{66C720C2-F1D8-41F5-9EEB-542160F91F6B}.Release|Any CPU.ActiveCfg = Release|Any CPU
		{66C720C2-F1D8-41F5-9EEB-542160F91F6B}.Release|Any CPU.Build.0 = Release|Any CPU
	EndGlobalSection
	GlobalSection(SolutionProperties) = preSolution
		HideSolutionNode = FALSE
	EndGlobalSection
	GlobalSection(ExtensibilityGlobals) = postSolution
		SolutionGuid = {46A08559-F897-4300-8A28-8C94121F4339}
	EndGlobalSection
EndGlobal
